
Microsoft Visual Studio Solution File, Format Version 12.00
# Visual Studio Version 17
VisualStudioVersion = 17.11.35222.181
MinimumVisualStudioVersion = 10.0.40219.1
Project("{FAE04EC0-301F-11D3-BF4B-00C04F79EFBC}") = "CardGame", "CardGame\CardGame.csproj", "{795C7A21-2849-4ED6-9150-B565D7556F66}"
EndProject
Project("{FAE04EC0-301F-11D3-BF4B-00C04F79EFBC}") = "PokerTexasHold'em", "PokerTexasHold'em\PokerTexasHold'em.csproj", "{775D0914-81AF-4668-8EE3-9F3037BE051C}"
EndProject
Project("{FAE04EC0-301F-11D3-BF4B-00C04F79EFBC}") = "Formas", "Formas\Formas.csproj", "{6D131C16-F9DB-49C7-BAD2-6AB8B65DD936}"
EndProject
Global
	GlobalSection(SolutionConfigurationPlatforms) = preSolution
		Debug|Any CPU = Debug|Any CPU
		Release|Any CPU = Release|Any CPU
	EndGlobalSection
	GlobalSection(ProjectConfigurationPlatforms) = postSolution
		{795C7A21-2849-4ED6-9150-B565D7556F66}.Debug|Any CPU.ActiveCfg = Debug|Any CPU
		{795C7A21-2849-4ED6-9150-B565D7556F66}.Debug|Any CPU.Build.0 = Debug|Any CPU
		{795C7A21-2849-4ED6-9150-B565D7556F66}.Release|Any CPU.ActiveCfg = Release|Any CPU
		{795C7A21-2849-4ED6-9150-B565D7556F66}.Release|Any CPU.Build.0 = Release|Any CPU
		{775D0914-81AF-4668-8EE3-9F3037BE051C}.Debug|Any CPU.ActiveCfg = Debug|Any CPU
		{775D0914-81AF-4668-8EE3-9F3037BE051C}.Debug|Any CPU.Build.0 = Debug|Any CPU
		{775D0914-81AF-4668-8EE3-9F3037BE051C}.Release|Any CPU.ActiveCfg = Release|Any CPU
		{775D0914-81AF-4668-8EE3-9F3037BE051C}.Release|Any CPU.Build.0 = Release|Any CPU
		{6D131C16-F9DB-49C7-BAD2-6AB8B65DD936}.Debug|Any CPU.ActiveCfg = Debug|Any CPU
		{6D131C16-F9DB-49C7-BAD2-6AB8B65DD936}.Debug|Any CPU.Build.0 = Debug|Any CPU
		{6D131C16-F9DB-49C7-BAD2-6AB8B65DD936}.Release|Any CPU.ActiveCfg = Release|Any CPU
		{6D131C16-F9DB-49C7-BAD2-6AB8B65DD936}.Release|Any CPU.Build.0 = Release|Any CPU
	EndGlobalSection
	GlobalSection(SolutionProperties) = preSolution
		HideSolutionNode = FALSE
	EndGlobalSection
	GlobalSection(ExtensibilityGlobals) = postSolution
		SolutionGuid = {1EEFC4D5-7429-4431-BC96-3C1518263878}
	EndGlobalSection
EndGlobal
